
Microsoft Visual Studio Solution File, Format Version 12.00
# Visual Studio Version 17
VisualStudioVersion = 17.11.35222.181
MinimumVisualStudioVersion = 10.0.40219.1
Project("{9A19103F-16F7-4668-BE54-9A1E7A4F7556}") = "OilNewsAPI.Presentation", "OilNewsAPI\OilNewsAPI.Presentation.csproj", "{02C17558-7616-4263-9E08-397B1DABB22B}"
EndProject
Project("{FAE04EC0-301F-11D3-BF4B-00C04F79EFBC}") = "OilNewsAPI.DAL", "DLL\OilNewsAPI.DAL.csproj", "{4726060F-CFD8-49DF-A193-8E1A7E86CA39}"
EndProject
Project("{FAE04EC0-301F-11D3-BF4B-00C04F79EFBC}") = "OilNewsAPI.BLL", "BLL\OilNewsAPI.BLL.csproj", "{11336672-FAB4-468D-882E-0FF47D81439F}"
EndProject
Global
	GlobalSection(SolutionConfigurationPlatforms) = preSolution
		Debug|Any CPU = Debug|Any CPU
		Release|Any CPU = Release|Any CPU
	EndGlobalSection
	GlobalSection(ProjectConfigurationPlatforms) = postSolution
		{02C17558-7616-4263-9E08-397B1DABB22B}.Debug|Any CPU.ActiveCfg = Debug|Any CPU
		{02C17558-7616-4263-9E08-397B1DABB22B}.Debug|Any CPU.Build.0 = Debug|Any CPU
		{02C17558-7616-4263-9E08-397B1DABB22B}.Release|Any CPU.ActiveCfg = Release|Any CPU
		{02C17558-7616-4263-9E08-397B1DABB22B}.Release|Any CPU.Build.0 = Release|Any CPU
		{4726060F-CFD8-49DF-A193-8E1A7E86CA39}.Debug|Any CPU.ActiveCfg = Debug|Any CPU
		{4726060F-CFD8-49DF-A193-8E1A7E86CA39}.Debug|Any CPU.Build.0 = Debug|Any CPU
		{4726060F-CFD8-49DF-A193-8E1A7E86CA39}.Release|Any CPU.ActiveCfg = Release|Any CPU
		{4726060F-CFD8-49DF-A193-8E1A7E86CA39}.Release|Any CPU.Build.0 = Release|Any CPU
		{11336672-FAB4-468D-882E-0FF47D81439F}.Debug|Any CPU.ActiveCfg = Debug|Any CPU
		{11336672-FAB4-468D-882E-0FF47D81439F}.Debug|Any CPU.Build.0 = Debug|Any CPU
		{11336672-FAB4-468D-882E-0FF47D81439F}.Release|Any CPU.ActiveCfg = Release|Any CPU
		{11336672-FAB4-468D-882E-0FF47D81439F}.Release|Any CPU.Build.0 = Release|Any CPU
	EndGlobalSection
	GlobalSection(SolutionProperties) = preSolution
		HideSolutionNode = FALSE
	EndGlobalSection
	GlobalSection(ExtensibilityGlobals) = postSolution
		SolutionGuid = {2A3A1865-22DB-4333-B9A9-8EAA041D09A8}
	EndGlobalSection
EndGlobal
